
Microsoft Visual Studio Solution File, Format Version 12.00
# Visual Studio Version 17
VisualStudioVersion = 17.10.35013.160
MinimumVisualStudioVersion = 10.0.40219.1
Project("{FAE04EC0-301F-11D3-BF4B-00C04F79EFBC}") = "LotusStyle.API", "LotusStyle.API\LotusStyle.API.csproj", "{44168430-42D5-49FF-91B9-41EE913956BC}"
EndProject
Global
	GlobalSection(SolutionConfigurationPlatforms) = preSolution
		Debug|Any CPU = Debug|Any CPU
		Release|Any CPU = Release|Any CPU
	EndGlobalSection
	GlobalSection(ProjectConfigurationPlatforms) = postSolution
		{44168430-42D5-49FF-91B9-41EE913956BC}.Debug|Any CPU.ActiveCfg = Debug|Any CPU
		{44168430-42D5-49FF-91B9-41EE913956BC}.Debug|Any CPU.Build.0 = Debug|Any CPU
		{44168430-42D5-49FF-91B9-41EE913956BC}.Release|Any CPU.ActiveCfg = Release|Any CPU
		{44168430-42D5-49FF-91B9-41EE913956BC}.Release|Any CPU.Build.0 = Release|Any CPU
	EndGlobalSection
	GlobalSection(SolutionProperties) = preSolution
		HideSolutionNode = FALSE
	EndGlobalSection
	GlobalSection(ExtensibilityGlobals) = postSolution
		SolutionGuid = {BA0742FE-EF1C-46EC-A452-F95011BC4154}
	EndGlobalSection
EndGlobal
